
Microsoft Visual Studio Solution File, Format Version 12.00
# Visual Studio Version 17
VisualStudioVersion = 17.7.34009.444
MinimumVisualStudioVersion = 10.0.40219.1
Project("{FAE04EC0-301F-11D3-BF4B-00C04F79EFBC}") = "FacadeHotelLibrary", "FacadeHotelLibrary\FacadeHotelLibrary.csproj", "{31DDEF0A-5E9B-40A9-BE19-AFBD7BAF3A65}"
EndProject
Global
	GlobalSection(SolutionConfigurationPlatforms) = preSolution
		Debug|Any CPU = Debug|Any CPU
		Release|Any CPU = Release|Any CPU
	EndGlobalSection
	GlobalSection(ProjectConfigurationPlatforms) = postSolution
		{31DDEF0A-5E9B-40A9-BE19-AFBD7BAF3A65}.Debug|Any CPU.ActiveCfg = Debug|Any CPU
		{31DDEF0A-5E9B-40A9-BE19-AFBD7BAF3A65}.Debug|Any CPU.Build.0 = Debug|Any CPU
		{31DDEF0A-5E9B-40A9-BE19-AFBD7BAF3A65}.Release|Any CPU.ActiveCfg = Release|Any CPU
		{31DDEF0A-5E9B-40A9-BE19-AFBD7BAF3A65}.Release|Any CPU.Build.0 = Release|Any CPU
	EndGlobalSection
	GlobalSection(SolutionProperties) = preSolution
		HideSolutionNode = FALSE
	EndGlobalSection
	GlobalSection(ExtensibilityGlobals) = postSolution
		SolutionGuid = {80FFEC62-7120-407C-A5C7-0CE45018CA8D}
	EndGlobalSection
EndGlobal
